
Microsoft Visual Studio Solution File, Format Version 12.00
# Visual Studio Version 16
VisualStudioVersion = 16.0.30804.86
MinimumVisualStudioVersion = 10.0.40219.1
Project("{FAE04EC0-301F-11D3-BF4B-00C04F79EFBC}") = "02_componenti", "02_componenti.csproj", "{12509C7B-BD19-4402-A647-9A1C3EA111CF}"
EndProject
Global
	GlobalSection(SolutionConfigurationPlatforms) = preSolution
		Debug|Any CPU = Debug|Any CPU
		Release|Any CPU = Release|Any CPU
	EndGlobalSection
	GlobalSection(ProjectConfigurationPlatforms) = postSolution
		{12509C7B-BD19-4402-A647-9A1C3EA111CF}.Debug|Any CPU.ActiveCfg = Debug|Any CPU
		{12509C7B-BD19-4402-A647-9A1C3EA111CF}.Debug|Any CPU.Build.0 = Debug|Any CPU
		{12509C7B-BD19-4402-A647-9A1C3EA111CF}.Release|Any CPU.ActiveCfg = Release|Any CPU
		{12509C7B-BD19-4402-A647-9A1C3EA111CF}.Release|Any CPU.Build.0 = Release|Any CPU
	EndGlobalSection
	GlobalSection(SolutionProperties) = preSolution
		HideSolutionNode = FALSE
	EndGlobalSection
	GlobalSection(ExtensibilityGlobals) = postSolution
		SolutionGuid = {98C2520A-975F-4EB5-9CE8-898F39F0C7AB}
	EndGlobalSection
EndGlobal
